
Microsoft Visual Studio Solution File, Format Version 12.00
# Visual Studio 15
VisualStudioVersion = 15.0.26430.16
MinimumVisualStudioVersion = 10.0.40219.1
Project("{8BC9CEB8-8B4A-11D0-8D11-00A0C91BC942}") = "L1A2", "A2\A2.vcxproj", "{1D6749DE-97ED-4AD7-9533-58C3759670BD}"
EndProject
Project("{8BC9CEB8-8B4A-11D0-8D11-00A0C91BC942}") = "L1A3", "A3\A3.vcxproj", "{9B9A0E7E-C543-463C-8D98-8A2EF22E11F4}"
EndProject
Project("{8BC9CEB8-8B4A-11D0-8D11-00A0C91BC942}") = "L1A4", "A4\A4.vcxproj", "{43538A78-30FA-469D-87A5-17FAAACC5E29}"
EndProject
Project("{2150E333-8FDC-42A3-9474-1A3956D46DE8}") = "Lecture1", "Lecture1", "{1F348B1D-F5AA-43AF-A213-8E9B90F808A4}"
EndProject
Project("{2150E333-8FDC-42A3-9474-1A3956D46DE8}") = "lecture2", "lecture2", "{A0115B17-383E-4D0D-9B96-317327966463}"
EndProject
Project("{8BC9CEB8-8B4A-11D0-8D11-00A0C91BC942}") = "L1A1", "A1\A1.vcxproj", "{0B7EA455-82BA-433E-8A70-529C512014E6}"
EndProject
Project("{8BC9CEB8-8B4A-11D0-8D11-00A0C91BC942}") = "L2A1", "L2A1\L2A1.vcxproj", "{10565634-C775-420E-BB10-13ED6AAB6D3A}"
EndProject
Project("{8BC9CEB8-8B4A-11D0-8D11-00A0C91BC942}") = "L2A2", "L2A2\L2A2.vcxproj", "{465956F2-377C-453A-A5B7-9406BC877EB5}"
EndProject
Project("{8BC9CEB8-8B4A-11D0-8D11-00A0C91BC942}") = "L2A3", "L2A3\L2A3.vcxproj", "{317A275F-9252-482D-8131-EEC4BD534C93}"
EndProject
Project("{8BC9CEB8-8B4A-11D0-8D11-00A0C91BC942}") = "L2A4", "L2A4\L2A4.vcxproj", "{BA846B95-9B71-41CB-9DDD-AB29F42F52DD}"
EndProject
Project("{2150E333-8FDC-42A3-9474-1A3956D46DE8}") = "Lecture3", "Lecture3", "{47C81436-B90F-4BF8-BDA4-DE194FCDC3C7}"
EndProject
Project("{8BC9CEB8-8B4A-11D0-8D11-00A0C91BC942}") = "L3A1", "L3A1\L3A1.vcxproj", "{E8A1692A-7988-43A2-87D9-23128C11F338}"
EndProject
Project("{8BC9CEB8-8B4A-11D0-8D11-00A0C91BC942}") = "L3A2", "L3A2\L3A2.vcxproj", "{194471A3-C04D-433B-8B3E-F1BD609675BF}"
EndProject
Global
	GlobalSection(SolutionConfigurationPlatforms) = preSolution
		Debug|x64 = Debug|x64
		Debug|x86 = Debug|x86
		Release|x64 = Release|x64
		Release|x86 = Release|x86
	EndGlobalSection
	GlobalSection(ProjectConfigurationPlatforms) = postSolution
		{1D6749DE-97ED-4AD7-9533-58C3759670BD}.Debug|x64.ActiveCfg = Debug|x64
		{1D6749DE-97ED-4AD7-9533-58C3759670BD}.Debug|x64.Build.0 = Debug|x64
		{1D6749DE-97ED-4AD7-9533-58C3759670BD}.Debug|x86.ActiveCfg = Debug|Win32
		{1D6749DE-97ED-4AD7-9533-58C3759670BD}.Debug|x86.Build.0 = Debug|Win32
		{1D6749DE-97ED-4AD7-9533-58C3759670BD}.Release|x64.ActiveCfg = Release|x64
		{1D6749DE-97ED-4AD7-9533-58C3759670BD}.Release|x64.Build.0 = Release|x64
		{1D6749DE-97ED-4AD7-9533-58C3759670BD}.Release|x86.ActiveCfg = Release|Win32
		{1D6749DE-97ED-4AD7-9533-58C3759670BD}.Release|x86.Build.0 = Release|Win32
		{9B9A0E7E-C543-463C-8D98-8A2EF22E11F4}.Debug|x64.ActiveCfg = Debug|x64
		{9B9A0E7E-C543-463C-8D98-8A2EF22E11F4}.Debug|x64.Build.0 = Debug|x64
		{9B9A0E7E-C543-463C-8D98-8A2EF22E11F4}.Debug|x86.ActiveCfg = Debug|Win32
		{9B9A0E7E-C543-463C-8D98-8A2EF22E11F4}.Debug|x86.Build.0 = Debug|Win32
		{9B9A0E7E-C543-463C-8D98-8A2EF22E11F4}.Release|x64.ActiveCfg = Release|x64
		{9B9A0E7E-C543-463C-8D98-8A2EF22E11F4}.Release|x64.Build.0 = Release|x64
		{9B9A0E7E-C543-463C-8D98-8A2EF22E11F4}.Release|x86.ActiveCfg = Release|Win32
		{9B9A0E7E-C543-463C-8D98-8A2EF22E11F4}.Release|x86.Build.0 = Release|Win32
		{43538A78-30FA-469D-87A5-17FAAACC5E29}.Debug|x64.ActiveCfg = Debug|x64
		{43538A78-30FA-469D-87A5-17FAAACC5E29}.Debug|x64.Build.0 = Debug|x64
		{43538A78-30FA-469D-87A5-17FAAACC5E29}.Debug|x86.ActiveCfg = Debug|Win32
		{43538A78-30FA-469D-87A5-17FAAACC5E29}.Debug|x86.Build.0 = Debug|Win32
		{43538A78-30FA-469D-87A5-17FAAACC5E29}.Release|x64.ActiveCfg = Release|x64
		{43538A78-30FA-469D-87A5-17FAAACC5E29}.Release|x64.Build.0 = Release|x64
		{43538A78-30FA-469D-87A5-17FAAACC5E29}.Release|x86.ActiveCfg = Release|Win32
		{43538A78-30FA-469D-87A5-17FAAACC5E29}.Release|x86.Build.0 = Release|Win32
		{0B7EA455-82BA-433E-8A70-529C512014E6}.Debug|x64.ActiveCfg = Debug|x64
		{0B7EA455-82BA-433E-8A70-529C512014E6}.Debug|x64.Build.0 = Debug|x64
		{0B7EA455-82BA-433E-8A70-529C512014E6}.Debug|x86.ActiveCfg = Debug|Win32
		{0B7EA455-82BA-433E-8A70-529C512014E6}.Debug|x86.Build.0 = Debug|Win32
		{0B7EA455-82BA-433E-8A70-529C512014E6}.Release|x64.ActiveCfg = Release|x64
		{0B7EA455-82BA-433E-8A70-529C512014E6}.Release|x64.Build.0 = Release|x64
		{0B7EA455-82BA-433E-8A70-529C512014E6}.Release|x86.ActiveCfg = Release|Win32
		{0B7EA455-82BA-433E-8A70-529C512014E6}.Release|x86.Build.0 = Release|Win32
		{10565634-C775-420E-BB10-13ED6AAB6D3A}.Debug|x64.ActiveCfg = Debug|x64
		{10565634-C775-420E-BB10-13ED6AAB6D3A}.Debug|x64.Build.0 = Debug|x64
		{10565634-C775-420E-BB10-13ED6AAB6D3A}.Debug|x86.ActiveCfg = Debug|Win32
		{10565634-C775-420E-BB10-13ED6AAB6D3A}.Debug|x86.Build.0 = Debug|Win32
		{10565634-C775-420E-BB10-13ED6AAB6D3A}.Release|x64.ActiveCfg = Release|x64
		{10565634-C775-420E-BB10-13ED6AAB6D3A}.Release|x64.Build.0 = Release|x64
		{10565634-C775-420E-BB10-13ED6AAB6D3A}.Release|x86.ActiveCfg = Release|Win32
		{10565634-C775-420E-BB10-13ED6AAB6D3A}.Release|x86.Build.0 = Release|Win32
		{465956F2-377C-453A-A5B7-9406BC877EB5}.Debug|x64.ActiveCfg = Debug|x64
		{465956F2-377C-453A-A5B7-9406BC877EB5}.Debug|x64.Build.0 = Debug|x64
		{465956F2-377C-453A-A5B7-9406BC877EB5}.Debug|x86.ActiveCfg = Debug|Win32
		{465956F2-377C-453A-A5B7-9406BC877EB5}.Debug|x86.Build.0 = Debug|Win32
		{465956F2-377C-453A-A5B7-9406BC877EB5}.Release|x64.ActiveCfg = Release|x64
		{465956F2-377C-453A-A5B7-9406BC877EB5}.Release|x64.Build.0 = Release|x64
		{465956F2-377C-453A-A5B7-9406BC877EB5}.Release|x86.ActiveCfg = Release|Win32
		{465956F2-377C-453A-A5B7-9406BC877EB5}.Release|x86.Build.0 = Release|Win32
		{317A275F-9252-482D-8131-EEC4BD534C93}.Debug|x64.ActiveCfg = Debug|x64
		{317A275F-9252-482D-8131-EEC4BD534C93}.Debug|x64.Build.0 = Debug|x64
		{317A275F-9252-482D-8131-EEC4BD534C93}.Debug|x86.ActiveCfg = Debug|Win32
		{317A275F-9252-482D-8131-EEC4BD534C93}.Debug|x86.Build.0 = Debug|Win32
		{317A275F-9252-482D-8131-EEC4BD534C93}.Release|x64.ActiveCfg = Release|x64
		{317A275F-9252-482D-8131-EEC4BD534C93}.Release|x64.Build.0 = Release|x64
		{317A275F-9252-482D-8131-EEC4BD534C93}.Release|x86.ActiveCfg = Release|Win32
		{317A275F-9252-482D-8131-EEC4BD534C93}.Release|x86.Build.0 = Release|Win32
		{BA846B95-9B71-41CB-9DDD-AB29F42F52DD}.Debug|x64.ActiveCfg = Debug|x64
		{BA846B95-9B71-41CB-9DDD-AB29F42F52DD}.Debug|x64.Build.0 = Debug|x64
		{BA846B95-9B71-41CB-9DDD-AB29F42F52DD}.Debug|x86.ActiveCfg = Debug|Win32
		{BA846B95-9B71-41CB-9DDD-AB29F42F52DD}.Debug|x86.Build.0 = Debug|Win32
		{BA846B95-9B71-41CB-9DDD-AB29F42F52DD}.Release|x64.ActiveCfg = Release|x64
		{BA846B95-9B71-41CB-9DDD-AB29F42F52DD}.Release|x64.Build.0 = Release|x64
		{BA846B95-9B71-41CB-9DDD-AB29F42F52DD}.Release|x86.ActiveCfg = Release|Win32
		{BA846B95-9B71-41CB-9DDD-AB29F42F52DD}.Release|x86.Build.0 = Release|Win32
		{E8A1692A-7988-43A2-87D9-23128C11F338}.Debug|x64.ActiveCfg = Debug|x64
		{E8A1692A-7988-43A2-87D9-23128C11F338}.Debug|x64.Build.0 = Debug|x64
		{E8A1692A-7988-43A2-87D9-23128C11F338}.Debug|x86.ActiveCfg = Debug|Win32
		{E8A1692A-7988-43A2-87D9-23128C11F338}.Debug|x86.Build.0 = Debug|Win32
		{E8A1692A-7988-43A2-87D9-23128C11F338}.Release|x64.ActiveCfg = Release|x64
		{E8A1692A-7988-43A2-87D9-23128C11F338}.Release|x64.Build.0 = Release|x64
		{E8A1692A-7988-43A2-87D9-23128C11F338}.Release|x86.ActiveCfg = Release|Win32
		{E8A1692A-7988-43A2-87D9-23128C11F338}.Release|x86.Build.0 = Release|Win32
		{194471A3-C04D-433B-8B3E-F1BD609675BF}.Debug|x64.ActiveCfg = Debug|x64
		{194471A3-C04D-433B-8B3E-F1BD609675BF}.Debug|x64.Build.0 = Debug|x64
		{194471A3-C04D-433B-8B3E-F1BD609675BF}.Debug|x86.ActiveCfg = Debug|Win32
		{194471A3-C04D-433B-8B3E-F1BD609675BF}.Debug|x86.Build.0 = Debug|Win32
		{194471A3-C04D-433B-8B3E-F1BD609675BF}.Release|x64.ActiveCfg = Release|x64
		{194471A3-C04D-433B-8B3E-F1BD609675BF}.Release|x64.Build.0 = Release|x64
		{194471A3-C04D-433B-8B3E-F1BD609675BF}.Release|x86.ActiveCfg = Release|Win32
		{194471A3-C04D-433B-8B3E-F1BD609675BF}.Release|x86.Build.0 = Release|Win32
	EndGlobalSection
	GlobalSection(SolutionProperties) = preSolution
		HideSolutionNode = FALSE
	EndGlobalSection
	GlobalSection(NestedProjects) = preSolution
		{1D6749DE-97ED-4AD7-9533-58C3759670BD} = {1F348B1D-F5AA-43AF-A213-8E9B90F808A4}
		{9B9A0E7E-C543-463C-8D98-8A2EF22E11F4} = {1F348B1D-F5AA-43AF-A213-8E9B90F808A4}
		{43538A78-30FA-469D-87A5-17FAAACC5E29} = {1F348B1D-F5AA-43AF-A213-8E9B90F808A4}
		{0B7EA455-82BA-433E-8A70-529C512014E6} = {1F348B1D-F5AA-43AF-A213-8E9B90F808A4}
		{10565634-C775-420E-BB10-13ED6AAB6D3A} = {A0115B17-383E-4D0D-9B96-317327966463}
		{465956F2-377C-453A-A5B7-9406BC877EB5} = {A0115B17-383E-4D0D-9B96-317327966463}
		{317A275F-9252-482D-8131-EEC4BD534C93} = {A0115B17-383E-4D0D-9B96-317327966463}
		{BA846B95-9B71-41CB-9DDD-AB29F42F52DD} = {A0115B17-383E-4D0D-9B96-317327966463}
		{E8A1692A-7988-43A2-87D9-23128C11F338} = {47C81436-B90F-4BF8-BDA4-DE194FCDC3C7}
		{194471A3-C04D-433B-8B3E-F1BD609675BF} = {47C81436-B90F-4BF8-BDA4-DE194FCDC3C7}
	EndGlobalSection
EndGlobal
