
Microsoft Visual Studio Solution File, Format Version 12.00
# Visual Studio 15
VisualStudioVersion = 15.0.26430.16
MinimumVisualStudioVersion = 10.0.40219.1
Project("{8BC9CEB8-8B4A-11D0-8D11-00A0C91BC942}") = "L1A2", "A2\A2.vcxproj", "{1D6749DE-97ED-4AD7-9533-58C3759670BD}"
EndProject
Project("{8BC9CEB8-8B4A-11D0-8D11-00A0C91BC942}") = "L1A3", "A3\A3.vcxproj", "{9B9A0E7E-C543-463C-8D98-8A2EF22E11F4}"
EndProject
Project("{8BC9CEB8-8B4A-11D0-8D11-00A0C91BC942}") = "L1A4", "A4\A4.vcxproj", "{43538A78-30FA-469D-87A5-17FAAACC5E29}"
EndProject
Project("{2150E333-8FDC-42A3-9474-1A3956D46DE8}") = "Lecture1", "Lecture1", "{1F348B1D-F5AA-43AF-A213-8E9B90F808A4}"
EndProject
Project("{2150E333-8FDC-42A3-9474-1A3956D46DE8}") = "lecture2", "lecture2", "{A0115B17-383E-4D0D-9B96-317327966463}"
EndProject
Project("{8BC9CEB8-8B4A-11D0-8D11-00A0C91BC942}") = "L1A1", "A1\A1.vcxproj", "{0B7EA455-82BA-433E-8A70-529C512014E6}"
EndProject
Project("{8BC9CEB8-8B4A-11D0-8D11-00A0C91BC942}") = "L2A1", "L2A1\L2A1.vcxproj", "{10565634-C775-420E-BB10-13ED6AAB6D3A}"
EndProject
Project("{8BC9CEB8-8B4A-11D0-8D11-00A0C91BC942}") = "L2A2", "L2A2\L2A2.vcxproj", "{465956F2-377C-453A-A5B7-9406BC877EB5}"
EndProject
Project("{8BC9CEB8-8B4A-11D0-8D11-00A0C91BC942}") = "L2A3", "L2A3\L2A3.vcxproj", "{317A275F-9252-482D-8131-EEC4BD534C93}"
EndProject
Project("{8BC9CEB8-8B4A-11D0-8D11-00A0C91BC942}") = "L2A4", "L2A4\L2A4.vcxproj", "{BA846B95-9B71-41CB-9DDD-AB29F42F52DD}"
EndProject
Project("{2150E333-8FDC-42A3-9474-1A3956D46DE8}") = "Lecture3", "Lecture3", "{47C81436-B90F-4BF8-BDA4-DE194FCDC3C7}"
EndProject
Project("{8BC9CEB8-8B4A-11D0-8D11-00A0C91BC942}") = "L3A1", "L3A1\L3A1.vcxproj", "{E8A1692A-7988-43A2-87D9-23128C11F338}"
EndProject
Project("{8BC9CEB8-8B4A-11D0-8D11-00A0C91BC942}") = "L3A2", "L3A2\L3A2.vcxproj", "{194471A3-C04D-433B-8B3E-F1BD609675BF}"
EndProject
Project("{2150E333-8FDC-42A3-9474-1A3956D46DE8}") = "Lecture4", "Lecture4", "{DC4D47A2-524F-483E-BE46-BD24AB19A7C9}"
EndProject
Project("{8BC9CEB8-8B4A-11D0-8D11-00A0C91BC942}") = "L4A1", "L4A1\L4A1.vcxproj", "{689FC7D8-C08E-49DE-8088-698952857E40}"
EndProject
Project("{8BC9CEB8-8B4A-11D0-8D11-00A0C91BC942}") = "L4A2", "L4A2\L4A2.vcxproj", "{91153D1B-8356-4DA3-B8E4-63FB677B544A}"
EndProject
Project("{8BC9CEB8-8B4A-11D0-8D11-00A0C91BC942}") = "L4A3", "L4A3\L4A3.vcxproj", "{39F4583A-D508-4D0B-B855-F2E5BEC35D75}"
EndProject
Project("{2150E333-8FDC-42A3-9474-1A3956D46DE8}") = "lecture5", "lecture5", "{5A576428-3C67-4700-8703-DB7982EE1A7A}"
EndProject
Project("{8BC9CEB8-8B4A-11D0-8D11-00A0C91BC942}") = "L5A1", "L5A1\L5A1.vcxproj", "{823B075D-166E-4B37-B807-B6C513616D3C}"
EndProject
Project("{8BC9CEB8-8B4A-11D0-8D11-00A0C91BC942}") = "L5A2", "L5A2\L5A2.vcxproj", "{B4253061-5D2B-4B7B-A932-9930FCC444DA}"
EndProject
Project("{8BC9CEB8-8B4A-11D0-8D11-00A0C91BC942}") = "L5A3", "L5A3\L5A3.vcxproj", "{1132CB1E-9371-4791-9451-77680FC508AE}"
EndProject
Global
	GlobalSection(SolutionConfigurationPlatforms) = preSolution
		Debug|x64 = Debug|x64
		Debug|x86 = Debug|x86
		Release|x64 = Release|x64
		Release|x86 = Release|x86
	EndGlobalSection
	GlobalSection(ProjectConfigurationPlatforms) = postSolution
		{1D6749DE-97ED-4AD7-9533-58C3759670BD}.Debug|x64.ActiveCfg = Debug|x64
		{1D6749DE-97ED-4AD7-9533-58C3759670BD}.Debug|x64.Build.0 = Debug|x64
		{1D6749DE-97ED-4AD7-9533-58C3759670BD}.Debug|x86.ActiveCfg = Debug|Win32
		{1D6749DE-97ED-4AD7-9533-58C3759670BD}.Debug|x86.Build.0 = Debug|Win32
		{1D6749DE-97ED-4AD7-9533-58C3759670BD}.Release|x64.ActiveCfg = Release|x64
		{1D6749DE-97ED-4AD7-9533-58C3759670BD}.Release|x64.Build.0 = Release|x64
		{1D6749DE-97ED-4AD7-9533-58C3759670BD}.Release|x86.ActiveCfg = Release|Win32
		{1D6749DE-97ED-4AD7-9533-58C3759670BD}.Release|x86.Build.0 = Release|Win32
		{9B9A0E7E-C543-463C-8D98-8A2EF22E11F4}.Debug|x64.ActiveCfg = Debug|x64
		{9B9A0E7E-C543-463C-8D98-8A2EF22E11F4}.Debug|x64.Build.0 = Debug|x64
		{9B9A0E7E-C543-463C-8D98-8A2EF22E11F4}.Debug|x86.ActiveCfg = Debug|Win32
		{9B9A0E7E-C543-463C-8D98-8A2EF22E11F4}.Debug|x86.Build.0 = Debug|Win32
		{9B9A0E7E-C543-463C-8D98-8A2EF22E11F4}.Release|x64.ActiveCfg = Release|x64
		{9B9A0E7E-C543-463C-8D98-8A2EF22E11F4}.Release|x64.Build.0 = Release|x64
		{9B9A0E7E-C543-463C-8D98-8A2EF22E11F4}.Release|x86.ActiveCfg = Release|Win32
		{9B9A0E7E-C543-463C-8D98-8A2EF22E11F4}.Release|x86.Build.0 = Release|Win32
		{43538A78-30FA-469D-87A5-17FAAACC5E29}.Debug|x64.ActiveCfg = Debug|x64
		{43538A78-30FA-469D-87A5-17FAAACC5E29}.Debug|x64.Build.0 = Debug|x64
		{43538A78-30FA-469D-87A5-17FAAACC5E29}.Debug|x86.ActiveCfg = Debug|Win32
		{43538A78-30FA-469D-87A5-17FAAACC5E29}.Debug|x86.Build.0 = Debug|Win32
		{43538A78-30FA-469D-87A5-17FAAACC5E29}.Release|x64.ActiveCfg = Release|x64
		{43538A78-30FA-469D-87A5-17FAAACC5E29}.Release|x64.Build.0 = Release|x64
		{43538A78-30FA-469D-87A5-17FAAACC5E29}.Release|x86.ActiveCfg = Release|Win32
		{43538A78-30FA-469D-87A5-17FAAACC5E29}.Release|x86.Build.0 = Release|Win32
		{0B7EA455-82BA-433E-8A70-529C512014E6}.Debug|x64.ActiveCfg = Debug|x64
		{0B7EA455-82BA-433E-8A70-529C512014E6}.Debug|x64.Build.0 = Debug|x64
		{0B7EA455-82BA-433E-8A70-529C512014E6}.Debug|x86.ActiveCfg = Debug|Win32
		{0B7EA455-82BA-433E-8A70-529C512014E6}.Debug|x86.Build.0 = Debug|Win32
		{0B7EA455-82BA-433E-8A70-529C512014E6}.Release|x64.ActiveCfg = Release|x64
		{0B7EA455-82BA-433E-8A70-529C512014E6}.Release|x64.Build.0 = Release|x64
		{0B7EA455-82BA-433E-8A70-529C512014E6}.Release|x86.ActiveCfg = Release|Win32
		{0B7EA455-82BA-433E-8A70-529C512014E6}.Release|x86.Build.0 = Release|Win32
		{10565634-C775-420E-BB10-13ED6AAB6D3A}.Debug|x64.ActiveCfg = Debug|x64
		{10565634-C775-420E-BB10-13ED6AAB6D3A}.Debug|x64.Build.0 = Debug|x64
		{10565634-C775-420E-BB10-13ED6AAB6D3A}.Debug|x86.ActiveCfg = Debug|Win32
		{10565634-C775-420E-BB10-13ED6AAB6D3A}.Debug|x86.Build.0 = Debug|Win32
		{10565634-C775-420E-BB10-13ED6AAB6D3A}.Release|x64.ActiveCfg = Release|x64
		{10565634-C775-420E-BB10-13ED6AAB6D3A}.Release|x64.Build.0 = Release|x64
		{10565634-C775-420E-BB10-13ED6AAB6D3A}.Release|x86.ActiveCfg = Release|Win32
		{10565634-C775-420E-BB10-13ED6AAB6D3A}.Release|x86.Build.0 = Release|Win32
		{465956F2-377C-453A-A5B7-9406BC877EB5}.Debug|x64.ActiveCfg = Debug|x64
		{465956F2-377C-453A-A5B7-9406BC877EB5}.Debug|x64.Build.0 = Debug|x64
		{465956F2-377C-453A-A5B7-9406BC877EB5}.Debug|x86.ActiveCfg = Debug|Win32
		{465956F2-377C-453A-A5B7-9406BC877EB5}.Debug|x86.Build.0 = Debug|Win32
		{465956F2-377C-453A-A5B7-9406BC877EB5}.Release|x64.ActiveCfg = Release|x64
		{465956F2-377C-453A-A5B7-9406BC877EB5}.Release|x64.Build.0 = Release|x64
		{465956F2-377C-453A-A5B7-9406BC877EB5}.Release|x86.ActiveCfg = Release|Win32
		{465956F2-377C-453A-A5B7-9406BC877EB5}.Release|x86.Build.0 = Release|Win32
		{317A275F-9252-482D-8131-EEC4BD534C93}.Debug|x64.ActiveCfg = Debug|x64
		{317A275F-9252-482D-8131-EEC4BD534C93}.Debug|x64.Build.0 = Debug|x64
		{317A275F-9252-482D-8131-EEC4BD534C93}.Debug|x86.ActiveCfg = Debug|Win32
		{317A275F-9252-482D-8131-EEC4BD534C93}.Debug|x86.Build.0 = Debug|Win32
		{317A275F-9252-482D-8131-EEC4BD534C93}.Release|x64.ActiveCfg = Release|x64
		{317A275F-9252-482D-8131-EEC4BD534C93}.Release|x64.Build.0 = Release|x64
		{317A275F-9252-482D-8131-EEC4BD534C93}.Release|x86.ActiveCfg = Release|Win32
		{317A275F-9252-482D-8131-EEC4BD534C93}.Release|x86.Build.0 = Release|Win32
		{BA846B95-9B71-41CB-9DDD-AB29F42F52DD}.Debug|x64.ActiveCfg = Debug|x64
		{BA846B95-9B71-41CB-9DDD-AB29F42F52DD}.Debug|x64.Build.0 = Debug|x64
		{BA846B95-9B71-41CB-9DDD-AB29F42F52DD}.Debug|x86.ActiveCfg = Debug|Win32
		{BA846B95-9B71-41CB-9DDD-AB29F42F52DD}.Debug|x86.Build.0 = Debug|Win32
		{BA846B95-9B71-41CB-9DDD-AB29F42F52DD}.Release|x64.ActiveCfg = Release|x64
		{BA846B95-9B71-41CB-9DDD-AB29F42F52DD}.Release|x64.Build.0 = Release|x64
		{BA846B95-9B71-41CB-9DDD-AB29F42F52DD}.Release|x86.ActiveCfg = Release|Win32
		{BA846B95-9B71-41CB-9DDD-AB29F42F52DD}.Release|x86.Build.0 = Release|Win32
		{E8A1692A-7988-43A2-87D9-23128C11F338}.Debug|x64.ActiveCfg = Debug|x64
		{E8A1692A-7988-43A2-87D9-23128C11F338}.Debug|x64.Build.0 = Debug|x64
		{E8A1692A-7988-43A2-87D9-23128C11F338}.Debug|x86.ActiveCfg = Debug|Win32
		{E8A1692A-7988-43A2-87D9-23128C11F338}.Debug|x86.Build.0 = Debug|Win32
		{E8A1692A-7988-43A2-87D9-23128C11F338}.Release|x64.ActiveCfg = Release|x64
		{E8A1692A-7988-43A2-87D9-23128C11F338}.Release|x64.Build.0 = Release|x64
		{E8A1692A-7988-43A2-87D9-23128C11F338}.Release|x86.ActiveCfg = Release|Win32
		{E8A1692A-7988-43A2-87D9-23128C11F338}.Release|x86.Build.0 = Release|Win32
		{194471A3-C04D-433B-8B3E-F1BD609675BF}.Debug|x64.ActiveCfg = Debug|x64
		{194471A3-C04D-433B-8B3E-F1BD609675BF}.Debug|x64.Build.0 = Debug|x64
		{194471A3-C04D-433B-8B3E-F1BD609675BF}.Debug|x86.ActiveCfg = Debug|Win32
		{194471A3-C04D-433B-8B3E-F1BD609675BF}.Debug|x86.Build.0 = Debug|Win32
		{194471A3-C04D-433B-8B3E-F1BD609675BF}.Release|x64.ActiveCfg = Release|x64
		{194471A3-C04D-433B-8B3E-F1BD609675BF}.Release|x64.Build.0 = Release|x64
		{194471A3-C04D-433B-8B3E-F1BD609675BF}.Release|x86.ActiveCfg = Release|Win32
		{194471A3-C04D-433B-8B3E-F1BD609675BF}.Release|x86.Build.0 = Release|Win32
		{689FC7D8-C08E-49DE-8088-698952857E40}.Debug|x64.ActiveCfg = Debug|x64
		{689FC7D8-C08E-49DE-8088-698952857E40}.Debug|x64.Build.0 = Debug|x64
		{689FC7D8-C08E-49DE-8088-698952857E40}.Debug|x86.ActiveCfg = Debug|Win32
		{689FC7D8-C08E-49DE-8088-698952857E40}.Debug|x86.Build.0 = Debug|Win32
		{689FC7D8-C08E-49DE-8088-698952857E40}.Release|x64.ActiveCfg = Release|x64
		{689FC7D8-C08E-49DE-8088-698952857E40}.Release|x64.Build.0 = Release|x64
		{689FC7D8-C08E-49DE-8088-698952857E40}.Release|x86.ActiveCfg = Release|Win32
		{689FC7D8-C08E-49DE-8088-698952857E40}.Release|x86.Build.0 = Release|Win32
		{91153D1B-8356-4DA3-B8E4-63FB677B544A}.Debug|x64.ActiveCfg = Debug|x64
		{91153D1B-8356-4DA3-B8E4-63FB677B544A}.Debug|x64.Build.0 = Debug|x64
		{91153D1B-8356-4DA3-B8E4-63FB677B544A}.Debug|x86.ActiveCfg = Debug|Win32
		{91153D1B-8356-4DA3-B8E4-63FB677B544A}.Debug|x86.Build.0 = Debug|Win32
		{91153D1B-8356-4DA3-B8E4-63FB677B544A}.Release|x64.ActiveCfg = Release|x64
		{91153D1B-8356-4DA3-B8E4-63FB677B544A}.Release|x64.Build.0 = Release|x64
		{91153D1B-8356-4DA3-B8E4-63FB677B544A}.Release|x86.ActiveCfg = Release|Win32
		{91153D1B-8356-4DA3-B8E4-63FB677B544A}.Release|x86.Build.0 = Release|Win32
		{39F4583A-D508-4D0B-B855-F2E5BEC35D75}.Debug|x64.ActiveCfg = Debug|x64
		{39F4583A-D508-4D0B-B855-F2E5BEC35D75}.Debug|x64.Build.0 = Debug|x64
		{39F4583A-D508-4D0B-B855-F2E5BEC35D75}.Debug|x86.ActiveCfg = Debug|Win32
		{39F4583A-D508-4D0B-B855-F2E5BEC35D75}.Debug|x86.Build.0 = Debug|Win32
		{39F4583A-D508-4D0B-B855-F2E5BEC35D75}.Release|x64.ActiveCfg = Release|x64
		{39F4583A-D508-4D0B-B855-F2E5BEC35D75}.Release|x64.Build.0 = Release|x64
		{39F4583A-D508-4D0B-B855-F2E5BEC35D75}.Release|x86.ActiveCfg = Release|Win32
		{39F4583A-D508-4D0B-B855-F2E5BEC35D75}.Release|x86.Build.0 = Release|Win32
		{823B075D-166E-4B37-B807-B6C513616D3C}.Debug|x64.ActiveCfg = Debug|x64
		{823B075D-166E-4B37-B807-B6C513616D3C}.Debug|x64.Build.0 = Debug|x64
		{823B075D-166E-4B37-B807-B6C513616D3C}.Debug|x86.ActiveCfg = Debug|Win32
		{823B075D-166E-4B37-B807-B6C513616D3C}.Debug|x86.Build.0 = Debug|Win32
		{823B075D-166E-4B37-B807-B6C513616D3C}.Release|x64.ActiveCfg = Release|x64
		{823B075D-166E-4B37-B807-B6C513616D3C}.Release|x64.Build.0 = Release|x64
		{823B075D-166E-4B37-B807-B6C513616D3C}.Release|x86.ActiveCfg = Release|Win32
		{823B075D-166E-4B37-B807-B6C513616D3C}.Release|x86.Build.0 = Release|Win32
		{B4253061-5D2B-4B7B-A932-9930FCC444DA}.Debug|x64.ActiveCfg = Debug|x64
		{B4253061-5D2B-4B7B-A932-9930FCC444DA}.Debug|x64.Build.0 = Debug|x64
		{B4253061-5D2B-4B7B-A932-9930FCC444DA}.Debug|x86.ActiveCfg = Debug|Win32
		{B4253061-5D2B-4B7B-A932-9930FCC444DA}.Debug|x86.Build.0 = Debug|Win32
		{B4253061-5D2B-4B7B-A932-9930FCC444DA}.Release|x64.ActiveCfg = Release|x64
		{B4253061-5D2B-4B7B-A932-9930FCC444DA}.Release|x64.Build.0 = Release|x64
		{B4253061-5D2B-4B7B-A932-9930FCC444DA}.Release|x86.ActiveCfg = Release|Win32
		{B4253061-5D2B-4B7B-A932-9930FCC444DA}.Release|x86.Build.0 = Release|Win32
		{1132CB1E-9371-4791-9451-77680FC508AE}.Debug|x64.ActiveCfg = Debug|x64
		{1132CB1E-9371-4791-9451-77680FC508AE}.Debug|x64.Build.0 = Debug|x64
		{1132CB1E-9371-4791-9451-77680FC508AE}.Debug|x86.ActiveCfg = Debug|Win32
		{1132CB1E-9371-4791-9451-77680FC508AE}.Debug|x86.Build.0 = Debug|Win32
		{1132CB1E-9371-4791-9451-77680FC508AE}.Release|x64.ActiveCfg = Release|x64
		{1132CB1E-9371-4791-9451-77680FC508AE}.Release|x64.Build.0 = Release|x64
		{1132CB1E-9371-4791-9451-77680FC508AE}.Release|x86.ActiveCfg = Release|Win32
		{1132CB1E-9371-4791-9451-77680FC508AE}.Release|x86.Build.0 = Release|Win32
	EndGlobalSection
	GlobalSection(SolutionProperties) = preSolution
		HideSolutionNode = FALSE
	EndGlobalSection
	GlobalSection(NestedProjects) = preSolution
		{1D6749DE-97ED-4AD7-9533-58C3759670BD} = {1F348B1D-F5AA-43AF-A213-8E9B90F808A4}
		{9B9A0E7E-C543-463C-8D98-8A2EF22E11F4} = {1F348B1D-F5AA-43AF-A213-8E9B90F808A4}
		{43538A78-30FA-469D-87A5-17FAAACC5E29} = {1F348B1D-F5AA-43AF-A213-8E9B90F808A4}
		{0B7EA455-82BA-433E-8A70-529C512014E6} = {1F348B1D-F5AA-43AF-A213-8E9B90F808A4}
		{10565634-C775-420E-BB10-13ED6AAB6D3A} = {A0115B17-383E-4D0D-9B96-317327966463}
		{465956F2-377C-453A-A5B7-9406BC877EB5} = {A0115B17-383E-4D0D-9B96-317327966463}
		{317A275F-9252-482D-8131-EEC4BD534C93} = {A0115B17-383E-4D0D-9B96-317327966463}
		{BA846B95-9B71-41CB-9DDD-AB29F42F52DD} = {A0115B17-383E-4D0D-9B96-317327966463}
		{E8A1692A-7988-43A2-87D9-23128C11F338} = {47C81436-B90F-4BF8-BDA4-DE194FCDC3C7}
		{194471A3-C04D-433B-8B3E-F1BD609675BF} = {47C81436-B90F-4BF8-BDA4-DE194FCDC3C7}
		{689FC7D8-C08E-49DE-8088-698952857E40} = {DC4D47A2-524F-483E-BE46-BD24AB19A7C9}
		{91153D1B-8356-4DA3-B8E4-63FB677B544A} = {DC4D47A2-524F-483E-BE46-BD24AB19A7C9}
		{39F4583A-D508-4D0B-B855-F2E5BEC35D75} = {DC4D47A2-524F-483E-BE46-BD24AB19A7C9}
		{823B075D-166E-4B37-B807-B6C513616D3C} = {5A576428-3C67-4700-8703-DB7982EE1A7A}
		{B4253061-5D2B-4B7B-A932-9930FCC444DA} = {5A576428-3C67-4700-8703-DB7982EE1A7A}
		{1132CB1E-9371-4791-9451-77680FC508AE} = {5A576428-3C67-4700-8703-DB7982EE1A7A}
	EndGlobalSection
EndGlobal
